
Microsoft Visual Studio Solution File, Format Version 12.00
# Visual Studio Version 17
VisualStudioVersion = 17.0.31903.59
MinimumVisualStudioVersion = 10.0.40219.1
Project("{FAE04EC0-301F-11D3-BF4B-00C04F79EFBC}") = "API", "API\API.csproj", "{2EE4E495-1350-48F5-B29D-56968BD6CAF9}"
EndProject
Project("{FAE04EC0-301F-11D3-BF4B-00C04F79EFBC}") = "Application", "Application\Application.csproj", "{43C4883C-8CFA-4189-B51F-6D1B0F686D94}"
EndProject
Project("{FAE04EC0-301F-11D3-BF4B-00C04F79EFBC}") = "Domain", "Domain\Domain.csproj", "{69C745EC-8E08-49EB-A76C-71ADCABABA3B}"
EndProject
Project("{FAE04EC0-301F-11D3-BF4B-00C04F79EFBC}") = "Persistence", "Persistence\Persistence.csproj", "{BA7B590B-D5B4-4DDF-BE0D-DF2252250280}"
EndProject
Global
	GlobalSection(SolutionConfigurationPlatforms) = preSolution
		Debug|Any CPU = Debug|Any CPU
		Release|Any CPU = Release|Any CPU
	EndGlobalSection
	GlobalSection(SolutionProperties) = preSolution
		HideSolutionNode = FALSE
	EndGlobalSection
	GlobalSection(ProjectConfigurationPlatforms) = postSolution
		{2EE4E495-1350-48F5-B29D-56968BD6CAF9}.Debug|Any CPU.ActiveCfg = Debug|Any CPU
		{2EE4E495-1350-48F5-B29D-56968BD6CAF9}.Debug|Any CPU.Build.0 = Debug|Any CPU
		{2EE4E495-1350-48F5-B29D-56968BD6CAF9}.Release|Any CPU.ActiveCfg = Release|Any CPU
		{2EE4E495-1350-48F5-B29D-56968BD6CAF9}.Release|Any CPU.Build.0 = Release|Any CPU
		{43C4883C-8CFA-4189-B51F-6D1B0F686D94}.Debug|Any CPU.ActiveCfg = Debug|Any CPU
		{43C4883C-8CFA-4189-B51F-6D1B0F686D94}.Debug|Any CPU.Build.0 = Debug|Any CPU
		{43C4883C-8CFA-4189-B51F-6D1B0F686D94}.Release|Any CPU.ActiveCfg = Release|Any CPU
		{43C4883C-8CFA-4189-B51F-6D1B0F686D94}.Release|Any CPU.Build.0 = Release|Any CPU
		{69C745EC-8E08-49EB-A76C-71ADCABABA3B}.Debug|Any CPU.ActiveCfg = Debug|Any CPU
		{69C745EC-8E08-49EB-A76C-71ADCABABA3B}.Debug|Any CPU.Build.0 = Debug|Any CPU
		{69C745EC-8E08-49EB-A76C-71ADCABABA3B}.Release|Any CPU.ActiveCfg = Release|Any CPU
		{69C745EC-8E08-49EB-A76C-71ADCABABA3B}.Release|Any CPU.Build.0 = Release|Any CPU
		{BA7B590B-D5B4-4DDF-BE0D-DF2252250280}.Debug|Any CPU.ActiveCfg = Debug|Any CPU
		{BA7B590B-D5B4-4DDF-BE0D-DF2252250280}.Debug|Any CPU.Build.0 = Debug|Any CPU
		{BA7B590B-D5B4-4DDF-BE0D-DF2252250280}.Release|Any CPU.ActiveCfg = Release|Any CPU
		{BA7B590B-D5B4-4DDF-BE0D-DF2252250280}.Release|Any CPU.Build.0 = Release|Any CPU
	EndGlobalSection
EndGlobal
